PODS:
  - Bolts (1.8.4):
    - Bolts/AppLinks (= 1.8.4)
    - Bolts/Tasks (= 1.8.4)
  - Bolts/AppLinks (1.8.4):
    - Bolts/Tasks
  - Bolts/Tasks (1.8.4)
  - FacebookCore (0.2.0):
    - Bolts (~> 1.8)
    - FBSDKCoreKit (~> 4.15)
  - FacebookLogin (0.2.0):
    - Bolts (~> 1.8)
    - FacebookCore (~> 0.2)
    - FBSDKCoreKit (~> 4.15)
    - FBSDKLoginKit (~> 4.15)
  - FBSDKCoreKit (4.27.1):
    - Bolts (~> 1.7)
  - FBSDKLoginKit (4.27.1):
    - FBSDKCoreKit
  - Gloss (1.2.4)
  - GoogleSignIn (4.0.2):
    - GoogleToolboxForMac/NSDictionary+URLArguments (~> 2.1)
    - GoogleToolboxForMac/NSString+URLArguments (~> 2.1)
    - GTMOAuth2 (~> 1.0)
    - GTMSessionFetcher/Core (~> 1.1)
  - GoogleToolboxForMac/DebugUtils (2.1.3):
    - GoogleToolboxForMac/Defines (= 2.1.3)
  - GoogleToolboxForMac/Defines (2.1.3)
  - GoogleToolboxForMac/NSDictionary+URLArguments (2.1.3):
    - GoogleToolboxForMac/DebugUtils (= 2.1.3)
    - GoogleToolboxForMac/Defines (= 2.1.3)
    - GoogleToolboxForMac/NSString+URLArguments (= 2.1.3)
  - GoogleToolboxForMac/NSString+URLArguments (2.1.3)
  - GTMOAuth2 (1.1.5):
    - GTMSessionFetcher (~> 1.1)
  - GTMSessionFetcher (1.1.12):
    - GTMSessionFetcher/Full (= 1.1.12)
  - GTMSessionFetcher/Core (1.1.12)
  - GTMSessionFetcher/Full (1.1.12):
    - GTMSessionFetcher/Core (= 1.1.12)
  - HPTextViewTapGestureRecognizer (0.1)
  - Reachability (3.2)
  - SMCoreLib (1.0.3):
    - HPTextViewTapGestureRecognizer (~> 0.1)
    - Reachability
    - SwiftyBeaver
  - SwiftyBeaver (1.4.2)
  - SyncServer (5.0.0):
    - Gloss
    - SMCoreLib (~> 1.0)
    - SyncServer-Shared (~> 2.1)
    - SyncServer/Lite (= 5.0.0)
  - SyncServer-Shared (2.1.0):
    - Gloss
  - SyncServer/Facebook (5.0.0):
    - FacebookCore (= 0.2.0)
    - FacebookLogin (= 0.2.0)
    - Gloss
    - SMCoreLib (~> 1.0)
    - SyncServer-Shared (~> 2.1)
  - SyncServer/Lite (5.0.0):
    - Gloss
    - SMCoreLib (~> 1.0)
    - SyncServer-Shared (~> 2.1)

DEPENDENCIES:
  - GoogleSignIn (= 4.0.2)
  - SyncServer (from `..`)
  - SyncServer/Facebook (from `..`)

EXTERNAL SOURCES:
  SyncServer:
    :path: ..

SPEC CHECKSUMS:
  Bolts: 8a7995239dbe724f9cba2248b766d48b7ebdd322
  FacebookCore: 2cb3f0fbff218e9d3119cec84bae983b232412de
  FacebookLogin: c9d606504735780a9e3002465a615512e0a691a5
  FBSDKCoreKit: 03365dad5d790249196ffad8be4f6d8a2d98f932
  FBSDKLoginKit: 66ff53b73cffd967ab773e32fac39e90a60e6d46
  Gloss: 4e036074610fdb993abcb958ebcd7332588e2333
  GoogleSignIn: d7ad83f13480e1f30453471d00d19b5293ac46af
  GoogleToolboxForMac: 2501e2ad72a52eb3dfe7bd9aee7dad11b858bd20
  GTMOAuth2: be83fd28d63ae3087e7d351b1f39c1a7e24ab6e7
  GTMSessionFetcher: ebaa1f79a5366922c1735f1566901f50beba23b7
  HPTextViewTapGestureRecognizer: 6a73fd09f858e49a2743c3a338dc5c0791b0fae0
  Reachability: 33e18b67625424e47b6cde6d202dce689ad7af96
  SMCoreLib: 02aee83cbf49c3295da6ec3ac043682ef68eed4c
  SwiftyBeaver: 91057725648ee4980308f1650af077d04b3654a0
  SyncServer: 94aca16c3f504c0346c378e37353aad3c79ec027
  SyncServer-Shared: 62daa091acb31080c8e1a744f926991f9ddf045e

PODFILE CHECKSUM: 102b1021b8f124c67692977045307ced3486d12a

COCOAPODS: 1.3.1
