PODS:
  - Alamofire (4.7.3)
  - Bolts (1.9.0):
    - Bolts/AppLinks (= 1.9.0)
    - Bolts/Tasks (= 1.9.0)
  - Bolts/AppLinks (1.9.0):
    - Bolts/Tasks
  - Bolts/Tasks (1.9.0)
  - FacebookCore (0.5.0):
    - Bolts (~> 1.9)
    - FBSDKCoreKit (~> 4.37)
  - FacebookLogin (0.5.0):
    - Bolts (~> 1.9)
    - FacebookCore (~> 0.5)
    - FBSDKCoreKit (~> 4.37)
    - FBSDKLoginKit (~> 4.37)
  - FBSDKCoreKit (4.38.1):
    - Bolts (~> 1.9)
  - FBSDKLoginKit (4.38.1):
    - FBSDKCoreKit
  - FileMD5Hash (2.0.0)
  - Gloss (1.2.4)
  - GoogleSignIn (0.1.2)
  - HPTextViewTapGestureRecognizer (0.1)
  - Reachability (3.2)
  - SMCoreLib (1.3.3):
    - HPTextViewTapGestureRecognizer (~> 0.1)
    - Reachability
    - SwiftyBeaver
  - SwiftyBeaver (1.6.1)
  - SwiftyDropbox (4.8.1):
    - Alamofire (~> 4.7.3)
  - SyncServer (18.0.0):
    - FileMD5Hash (~> 2.0)
    - Gloss (~> 1.2)
    - SMCoreLib (~> 1.2)
    - SyncServer-Shared (~> 9.2)
    - SyncServer/Lite (= 18.0.0)
  - SyncServer-Shared (9.3.6):
    - Gloss (~> 1.2)
  - SyncServer/Dropbox (18.0.0):
    - FileMD5Hash (~> 2.0)
    - Gloss (~> 1.2)
    - SMCoreLib (~> 1.2)
    - SwiftyDropbox (~> 4.6)
    - SyncServer-Shared (~> 9.2)
  - SyncServer/Facebook (18.0.0):
    - FacebookCore
    - FacebookLogin
    - FileMD5Hash (~> 2.0)
    - Gloss (~> 1.2)
    - SMCoreLib (~> 1.2)
    - SyncServer-Shared (~> 9.2)
  - SyncServer/Google (18.0.0):
    - FileMD5Hash (~> 2.0)
    - Gloss (~> 1.2)
    - GoogleSignIn (~> 0.1)
    - SMCoreLib (~> 1.2)
    - SyncServer-Shared (~> 9.2)
  - SyncServer/Lite (18.0.0):
    - FileMD5Hash (~> 2.0)
    - Gloss (~> 1.2)
    - SMCoreLib (~> 1.2)
    - SyncServer-Shared (~> 9.2)

DEPENDENCIES:
  - SMCoreLib (~> 1.3)
  - SyncServer (from `..`)
  - SyncServer-Shared (~> 9.3)
  - SyncServer/Dropbox (from `..`)
  - SyncServer/Facebook (from `..`)
  - SyncServer/Google (from `..`)

SPEC REPOS:
  https://github.com/cocoapods/specs.git:
    - Alamofire
    - Bolts
    - FacebookCore
    - FacebookLogin
    - FBSDKCoreKit
    - FBSDKLoginKit
    - FileMD5Hash
    - Gloss
    - HPTextViewTapGestureRecognizer
    - Reachability
    - SwiftyBeaver
    - SwiftyDropbox
  https://github.com/crspybits/Specs.git:
    - GoogleSignIn
    - SMCoreLib
    - SyncServer-Shared

EXTERNAL SOURCES:
  SyncServer:
    :path: ".."

SPEC CHECKSUMS:
  Alamofire: c7287b6e5d7da964a70935e5db17046b7fde6568
  Bolts: ac6567323eac61e203f6a9763667d0f711be34c8
  FacebookCore: 74288d0add931d361b1596beae787ab72c438249
  FacebookLogin: ebcf34714a1cb9f0759d9f071cfb01ed500996cf
  FBSDKCoreKit: 8d47857400e2f5bdea697a80daff882e91c84ef6
  FBSDKLoginKit: 4621c690d9dd8628031a4791497062183ea34b0d
  FileMD5Hash: 3ed69cc19a21ff4d30ae8833fc104275ad2c7de0
  Gloss: 4e036074610fdb993abcb958ebcd7332588e2333
  GoogleSignIn: c9fa579a8da31ea46b82627c259ccb2b1bf22bab
  HPTextViewTapGestureRecognizer: 6a73fd09f858e49a2743c3a338dc5c0791b0fae0
  Reachability: 33e18b67625424e47b6cde6d202dce689ad7af96
  SMCoreLib: ab21fe40ff76b2cc5e873122a96b1ad22ebe02bc
  SwiftyBeaver: ccfcdf85a04d429f1633f668650b0ce8020bda3a
  SwiftyDropbox: 775da02bb83d02f45e37018641c41316b1edad56
  SyncServer: 4b72f683d3b23e6d3e8e0cc7053b99a79961af22
  SyncServer-Shared: aa9638cdb98706ce9a948e8631746fddca2c3e61

PODFILE CHECKSUM: 6cef673d2ecdffaeacbc81fc1632502671b8b1ed

COCOAPODS: 1.5.3
